
Microsoft Visual Studio Solution File, Format Version 12.00
# Visual Studio Version 17
VisualStudioVersion = 17.5.33516.290
MinimumVisualStudioVersion = 10.0.40219.1
Project("{FAE04EC0-301F-11D3-BF4B-00C04F79EFBC}") = "LinqExam", "LinqExam\LinqExam.csproj", "{FB9F3AB1-3089-424C-BD74-4FB5DB458F95}"
EndProject
Project("{FAE04EC0-301F-11D3-BF4B-00C04F79EFBC}") = "LinqExamTests", "LinqExamTests\LinqExamTests.csproj", "{F2520D25-99DC-4144-AD77-434CBD588CA6}"
EndProject
Global
	GlobalSection(SolutionConfigurationPlatforms) = preSolution
		Debug|Any CPU = Debug|Any CPU
		Release|Any CPU = Release|Any CPU
	EndGlobalSection
	GlobalSection(ProjectConfigurationPlatforms) = postSolution
		{FB9F3AB1-3089-424C-BD74-4FB5DB458F95}.Debug|Any CPU.ActiveCfg = Debug|Any CPU
		{FB9F3AB1-3089-424C-BD74-4FB5DB458F95}.Debug|Any CPU.Build.0 = Debug|Any CPU
		{FB9F3AB1-3089-424C-BD74-4FB5DB458F95}.Release|Any CPU.ActiveCfg = Release|Any CPU
		{FB9F3AB1-3089-424C-BD74-4FB5DB458F95}.Release|Any CPU.Build.0 = Release|Any CPU
		{F2520D25-99DC-4144-AD77-434CBD588CA6}.Debug|Any CPU.ActiveCfg = Debug|Any CPU
		{F2520D25-99DC-4144-AD77-434CBD588CA6}.Debug|Any CPU.Build.0 = Debug|Any CPU
		{F2520D25-99DC-4144-AD77-434CBD588CA6}.Release|Any CPU.ActiveCfg = Release|Any CPU
		{F2520D25-99DC-4144-AD77-434CBD588CA6}.Release|Any CPU.Build.0 = Release|Any CPU
	EndGlobalSection
	GlobalSection(SolutionProperties) = preSolution
		HideSolutionNode = FALSE
	EndGlobalSection
	GlobalSection(ExtensibilityGlobals) = postSolution
		SolutionGuid = {0EE02A5E-0E7F-4E08-89C7-DAE25B507BF6}
	EndGlobalSection
EndGlobal
